{
  "name": "@kartotherian/osm-bright-source",
  "version": "1.0.7-wmf.0",
  "lockfileVersion": 1,
  "requires": true,
  "dependencies": {
    "@kartotherian/postgis-vt-util": {
      "version": "0.3.1",
      "resolved": "https://registry.npmjs.org/@kartotherian/postgis-vt-util/-/postgis-vt-util-0.3.1.tgz",
      "integrity": "sha512-DmH6Dxv87N/c2Iv20bdqSvyf+lZkym/QwjQwJKtS5wb4CG62mmTWAMNKaCZMEa5ECUKPgwuQ+yoxlVj3y1WrIQ=="
    }
  }
}
